{
    "_meta": {
        "hash": {
            "sha256": "9962b6088604d2924b8f29f5897c60a54637c6c6dd6c5f37726cb8f62624d47b"
        },
        "pipfile-spec": 6,
        "requires": {
            "python_version": "3.9"
        },
        "sources": [
            {
                "name": "pypi",
                "url": "https://pypi.org/simple",
                "verify_ssl": true
            }
        ]
    },
    "default": {
        "pathvalidate": {
            "hashes": [
                "sha256:3c9bd94c7ec23e9cfb211ffbe356ae75f979d6c099a2c745ee9490f524f32468",
                "sha256:f5dde7efeeb4262784c5e1331e02752d07c1ec3ee5ea42683fe211155652b808"
            ],
            "index": "pypi",
            "version": "==2.4.1"
        },
        "sanitize-filename": {
            "hashes": [
                "sha256:a5be41a4371c84cb4a666a9c3baa70e1b2086a3e50b86c7ba5dd579f5ad2f330",
                "sha256:e75933e96d426e306eef8c270cc24c3e1971d8715288c9776d801d3d8e7b941a"
            ],
            "index": "pypi",
            "version": "==1.2.0"
        }
    },
    "develop": {}
}
